github.com/360EntSecGroup-Skylar/excelize/v2 v2.0.1 h1:gnknz1/4RnpL2fZsJzsqsGHgjWDT7k11tGPsFiDQeDk=
github.com/360EntSecGroup-Skylar/excelize/v2 v2.0.1/go.mod h1:fkN+AZg31J/y9B4AtylxjzzNYetIxi6cElYu/WBUb7g=
github.com/axgle/mahonia v0.0.0-20180208002826-3358181d7394 h1:OYA+5W64v3OgClL+IrOD63t4i/RW7RqrAVl9LTZ9UqQ=
github.com/axgle/mahonia v0.0.0-20180208002826-3358181d7394/go.mod h1:Q8n74mJTIgjX4RBBcHnJ05h//6/k6foqmgE45jTQtxg=
github.com/davecgh/go-spew v1.1.0/go.mod h1:J7Y8YcW2NihsgmVo/mv3lAwl/skON4iLHjSsI+c5H38=
github.com/mattn/go-oci8 v0.0.0-20190524004114-abcafa411cc8 h1:f6VmRhxS0zvzsi+8snVfi9gSYhjMnb5Rmy4vnQJ107Q=
github.com/mattn/go-oci8 v0.0.0-20190524004114-abcafa411cc8/go.mod h1:/M9VLO+lUPmxvoOK2PfWRZ8mTtB4q1Hy9lEGijv9Nr8=
github.com/mohae/deepcopy v0.0.0-20170929034955-c48cc78d4826 h1:RWengNIwukTxcDr9M+97sNutRR1RKhG96O6jWumTTnw=
github.com/mohae/deepcopy v0.0.0-20170929034955-c48cc78d4826/go.mod h1:TaXosZuwdSHYgviHp1DAtfrULt5eUgsSMsZf+YrPgl8=
github.com/pmezard/go-difflib v1.0.0/go.mod h1:iKH77koFhYxTK1pcRnkKkqfTogsbg7gZNVY4sRDYZ/4=
github.com/stretchr/objx v0.1.0/go.mod h1:HFkY916IF+rwdDfMAkV7OtwuqBVzrE8GR6GFx+wExME=
github.com/stretchr/testify v1.3.0/go.mod h1:M5WIy9Dh21IEIfnGCwXGc5bZfKNJtfHm1UVUgZn+9EI=
